// !$*UTF8*$!
{
	archiveVersion = 1;
	classes = {
	};
	objectVersion = 50;
	objects = {

/* Begin PBXBuildFile section */
		7813EA12216F47A900F31B2A /* AppDelegate.swift in Sources */ = {isa = PBXBuildFile; fileRef = 7813EA11216F47A900F31B2A /* AppDelegate.swift */; };
		7813EA14216F47A900F31B2A /* ViewController.swift in Sources */ = {isa = PBXBuildFile; fileRef = 7813EA13216F47A900F31B2A /* ViewController.swift */; };
		7813EA17216F47A900F31B2A /* Main.storyboard in Resources */ = {isa = PBXBuildFile; fileRef = 7813EA15216F47A900F31B2A /* Main.storyboard */; };
		7813EA19216F47AA00F31B2A /* Assets.xcassets in Resources */ = {isa = PBXBuildFile; fileRef = 7813EA18216F47AA00F31B2A /* Assets.xcassets */; };
		7813EA1C216F47AA00F31B2A /* LaunchScreen.storyboard in Resources */ = {isa = PBXBuildFile; fileRef = 7813EA1A216F47AA00F31B2A /* LaunchScreen.storyboard */; };
		7813EA24216F548000F31B2A /* SlideBarViewController.swift in Sources */ = {isa = PBXBuildFile; fileRef = 7813EA23216F548000F31B2A /* SlideBarViewController.swift */; };
		9A72EAE757A59BCD6EB0FCF1 /* Pods_SlideBarMenu.framework in Frameworks */ = {isa = PBXBuildFile; fileRef = 94D2FB4DD6A002E90CC324FC /* Pods_SlideBarMenu.framework */; };
/* End PBXBuildFile section */

/* Begin PBXFileReference section */
		7813EA0E216F47A900F31B2A /* SlideBarMenu.app */ = {isa = PBXFileReference; explicitFileType = wrapper.application; includeInIndex = 0; path = SlideBarMenu.app; sourceTree = BUILT_PRODUCTS_DIR; };
		7813EA11216F47A900F31B2A /* AppDelegate.swift */ = {isa = PBXFileReference; lastKnownFileType = sourcecode.swift; path = AppDelegate.swift; sourceTree = "<group>"; };
		7813EA13216F47A900F31B2A /* ViewController.swift */ = {isa = PBXFileReference; lastKnownFileType = sourcecode.swift; path = ViewController.swift; sourceTree = "<group>"; };
		7813EA16216F47A900F31B2A /* Base */ = {isa = PBXFileReference; lastKnownFileType = file.storyboard; name = Base; path = Base.lproj/Main.storyboard; sourceTree = "<group>"; };
		7813EA18216F47AA00F31B2A /* Assets.xcassets */ = {isa = PBXFileReference; lastKnownFileType = folder.assetcatalog; path = Assets.xcassets; sourceTree = "<group>"; };
		7813EA1B216F47AA00F31B2A /* Base */ = {isa = PBXFileReference; lastKnownFileType = file.storyboard; name = Base; path = Base.lproj/LaunchScreen.storyboard; sourceTree = "<group>"; };
		7813EA1D216F47AB00F31B2A /* Info.plist */ = {isa = PBXFileReference; lastKnownFileType = text.plist.xml; path = Info.plist; sourceTree = "<group>"; };
		7813EA23216F548000F31B2A /* SlideBarViewController.swift */ = {isa = PBXFileReference; lastKnownFileType = sourcecode.swift; path = SlideBarViewController.swift; sourceTree = "<group>"; };
		94D2FB4DD6A002E90CC324FC /* Pods_SlideBarMenu.framework */ = {isa = PBXFileReference; explicitFileType = wrapper.framework; includeInIndex = 0; path = Pods_SlideBarMenu.framework; sourceTree = BUILT_PRODUCTS_DIR; };
		BA4452BF7D867D3B66BC2225 /* Pods-SlideBarMenu.debug.xcconfig */ = {isa = PBXFileReference; includeInIndex = 1; lastKnownFileType = text.xcconfig; name = "Pods-SlideBarMenu.debug.xcconfig"; path = "Pods/Target Support Files/Pods-SlideBarMenu/Pods-SlideBarMenu.debug.xcconfig"; sourceTree = "<group>"; };
		BAC6C3AB6BCDCDA0CE9E23D1 /* Pods-SlideBarMenu.release.xcconfig */ = {isa = PBXFileReference; includeInIndex = 1; lastKnownFileType = text.xcconfig; name = "Pods-SlideBarMenu.release.xcconfig"; path = "Pods/Target Support Files/Pods-SlideBarMenu/Pods-SlideBarMenu.release.xcconfig"; sourceTree = "<group>"; };
/* End PBXFileReference section */

/* Begin PBXFrameworksBuildPhase section */
		7813EA0B216F47A900F31B2A /* Frameworks */ = {
			isa = PBXFrameworksBuildPhase;
			buildActionMask = 2147483647;
			files = (
				9A72EAE757A59BCD6EB0FCF1 /* Pods_SlideBarMenu.framework in Frameworks */,
			);
			runOnlyForDeploymentPostprocessing = 0;
		};
/* End PBXFrameworksBuildPhase section */

/* Begin PBXGroup section */
		58F38EB59F40B8FE938E7D52 /* Frameworks */ = {
			isa = PBXGroup;
			children = (
				94D2FB4DD6A002E90CC324FC /* Pods_SlideBarMenu.framework */,
			);
			name = Frameworks;
			sourceTree = "<group>";
		};
		7813EA05216F47A800F31B2A = {
			isa = PBXGroup;
			children = (
				7813EA10216F47A900F31B2A /* SlideBarMenu */,
				7813EA0F216F47A900F31B2A /* Products */,
				BD3422EA0F3C4A85FD6E21A0 /* Pods */,
				58F38EB59F40B8FE938E7D52 /* Frameworks */,
			);
			sourceTree = "<group>";
		};
		7813EA0F216F47A900F31B2A /* Products */ = {
			isa = PBXGroup;
			children = (
				7813EA0E216F47A900F31B2A /* SlideBarMenu.app */,
			);
			name = Products;
			sourceTree = "<group>";
		};
		7813EA10216F47A900F31B2A /* SlideBarMenu */ = {
			isa = PBXGroup;
			children = (
				7813EA11216F47A900F31B2A /* AppDelegate.swift */,
				7813EA13216F47A900F31B2A /* ViewController.swift */,
				7813EA23216F548000F31B2A /* SlideBarViewController.swift */,
				7813EA15216F47A900F31B2A /* Main.storyboard */,
				7813EA18216F47AA00F31B2A /* Assets.xcassets */,
				7813EA1A216F47AA00F31B2A /* LaunchScreen.storyboard */,
				7813EA1D216F47AB00F31B2A /* Info.plist */,
			);
			path = SlideBarMenu;
			sourceTree = "<group>";
		};
		BD3422EA0F3C4A85FD6E21A0 /* Pods */ = {
			isa = PBXGroup;
			children = (
				BA4452BF7D867D3B66BC2225 /* Pods-SlideBarMenu.debug.xcconfig */,
				BAC6C3AB6BCDCDA0CE9E23D1 /* Pods-SlideBarMenu.release.xcconfig */,
			);
			name = Pods;
			sourceTree = "<group>";
		};
/* End PBXGroup section */

/* Begin PBXNativeTarget section */
		7813EA0D216F47A900F31B2A /* SlideBarMenu */ = {
			isa = PBXNativeTarget;
			buildConfigurationList = 7813EA20216F47AB00F31B2A /* Build configuration list for PBXNativeTarget "SlideBarMenu" */;
			buildPhases = (
				062DCFDD4D4CD454F64F99CD /* [CP] Check Pods Manifest.lock */,
				7813EA0A216F47A900F31B2A /* Sources */,
				7813EA0B216F47A900F31B2A /* Frameworks */,
				7813EA0C216F47A900F31B2A /* Resources */,
				3F71499F0DABC47F0C67596E /* [CP] Embed Pods Frameworks */,
			);
			buildRules = (
			);
			dependencies = (
			);
			name = SlideBarMenu;
			productName = SlideBarMenu;
			productReference = 7813EA0E216F47A900F31B2A /* SlideBarMenu.app */;
			productType = "com.apple.product-type.application";
		};
/* End PBXNativeTarget section */

/* Begin PBXProject section */
		7813EA06216F47A800F31B2A /* Project object */ = {
			isa = PBXProject;
			attributes = {
				LastSwiftUpdateCheck = 1000;
				LastUpgradeCheck = 1000;
				ORGANIZATIONNAME = Lphant;
				TargetAttributes = {
					7813EA0D216F47A900F31B2A = {
						CreatedOnToolsVersion = 10.0;
					};
				};
			};
			buildConfigurationList = 7813EA09216F47A800F31B2A /* Build configuration list for PBXProject "SlideBarMenu" */;
			compatibilityVersion = "Xcode 9.3";
			developmentRegion = en;
			hasScannedForEncodings = 0;
			knownRegions = (
				en,
				Base,
			);
			mainGroup = 7813EA05216F47A800F31B2A;
			productRefGroup = 7813EA0F216F47A900F31B2A /* Products */;
			projectDirPath = "";
			projectRoot = "";
			targets = (
				7813EA0D216F47A900F31B2A /* SlideBarMenu */,
			);
		};
/* End PBXProject section */

/* Begin PBXResourcesBuildPhase section */
		7813EA0C216F47A900F31B2A /* Resources */ = {
			isa = PBXResourcesBuildPhase;
			buildActionMask = 2147483647;
			files = (
				7813EA1C216F47AA00F31B2A /* LaunchScreen.storyboard in Resources */,
				7813EA19216F47AA00F31B2A /* Assets.xcassets in Resources */,
				7813EA17216F47A900F31B2A /* Main.storyboard in Resources */,
			);
			runOnlyForDeploymentPostprocessing = 0;
		};
/* End PBXResourcesBuildPhase section */

/* Begin PBXShellScriptBuildPhase section */
		062DCFDD4D4CD454F64F99CD /* [CP] Check Pods Manifest.lock */ = {
			isa = PBXShellScriptBuildPhase;
			buildActionMask = 2147483647;
			files = (
			);
			inputPaths = (
				"${PODS_PODFILE_DIR_PATH}/Podfile.lock",
				"${PODS_ROOT}/Manifest.lock",
			);
			name = "[CP] Check Pods Manifest.lock";
			outputPaths = (
				"$(DERIVED_FILE_DIR)/Pods-SlideBarMenu-checkManifestLockResult.txt",
			);
			runOnlyForDeploymentPostprocessing = 0;
			shellPath = /bin/sh;
			shellScript = "diff \"${PODS_PODFILE_DIR_PATH}/Podfile.lock\" \"${PODS_ROOT}/Manifest.lock\" > /dev/null\nif [ $? != 0 ] ; then\n    # print error to STDERR\n    echo \"error: The sandbox is not in sync with the Podfile.lock. Run 'pod install' or update your CocoaPods installation.\" >&2\n    exit 1\nfi\n# This output is used by Xcode 'outputs' to avoid re-running this script phase.\necho \"SUCCESS\" > \"${SCRIPT_OUTPUT_FILE_0}\"\n";
			showEnvVarsInLog = 0;
		};
		3F71499F0DABC47F0C67596E /* [CP] Embed Pods Frameworks */ = {
			isa = PBXShellScriptBuildPhase;
			buildActionMask = 2147483647;
			files = (
			);
			inputPaths = (
				"${SRCROOT}/Pods/Target Support Files/Pods-SlideBarMenu/Pods-SlideBarMenu-frameworks.sh",
				"${BUILT_PRODUCTS_DIR}/SWRevealViewController/SWRevealViewController.framework",
			);
			name = "[CP] Embed Pods Frameworks";
			outputPaths = (
				"${TARGET_BUILD_DIR}/${FRAMEWORKS_FOLDER_PATH}/SWRevealViewController.framework",
			);
			runOnlyForDeploymentPostprocessing = 0;
			shellPath = /bin/sh;
			shellScript = "\"${SRCROOT}/Pods/Target Support Files/Pods-SlideBarMenu/Pods-SlideBarMenu-frameworks.sh\"\n";
			showEnvVarsInLog = 0;
		};
/* End PBXShellScriptBuildPhase section */

/* Begin PBXSourcesBuildPhase section */
		7813EA0A216F47A900F31B2A /* Sources */ = {
			isa = PBXSourcesBuildPhase;
			buildActionMask = 2147483647;
			files = (
				7813EA14216F47A900F31B2A /* ViewController.swift in Sources */,
				7813EA24216F548000F31B2A /* SlideBarViewController.swift in Sources */,
				7813EA12216F47A900F31B2A /* AppDelegate.swift in Sources */,
			);
			runOnlyForDeploymentPostprocessing = 0;
		};
/* End PBXSourcesBuildPhase section */

/* Begin PBXVariantGroup section */
		7813EA15216F47A900F31B2A /* Main.storyboard */ = {
			isa = PBXVariantGroup;
			children = (
				7813EA16216F47A900F31B2A /* Base */,
			);
			name = Main.storyboard;
			sourceTree = "<group>";
		};
		7813EA1A216F47AA00F31B2A /* LaunchScreen.storyboard */ = {
			isa = PBXVariantGroup;
			children = (
				7813EA1B216F47AA00F31B2A /* Base */,
			);
			name = LaunchScreen.storyboard;
			sourceTree = "<group>";
		};
/* End PBXVariantGroup section */

/* Begin XCBuildConfiguration section */
		7813EA1E216F47AB00F31B2A /* Debug */ = {
			isa = XCBuildConfiguration;
			buildSettings = {
				ALWAYS_SEARCH_USER_PATHS = NO;
				CLANG_ANALYZER_NONNULL = YES;
				CLANG_ANALYZER_NUMBER_OBJECT_CONVERSION = YES_AGGRESSIVE;
				CLANG_CXX_LANGUAGE_STANDARD = "gnu++14";
				CLANG_CXX_LIBRARY = "libc++";
				CLANG_ENABLE_MODULES = YES;
				CLANG_ENABLE_OBJC_ARC = YES;
				CLANG_ENABLE_OBJC_WEAK = YES;
				CLANG_WARN_BLOCK_CAPTURE_AUTORELEASING = YES;
				CLANG_WARN_BOOL_CONVERSION = YES;
				CLANG_WARN_COMMA = YES;
				CLANG_WARN_CONSTANT_CONVERSION = YES;
				CLANG_WARN_DEPRECATED_OBJC_IMPLEMENTATIONS = YES;
				CLANG_WARN_DIRECT_OBJC_ISA_USAGE = YES_ERROR;
				CLANG_WARN_DOCUMENTATION_COMMENTS = YES;
				CLANG_WARN_EMPTY_BODY = YES;
				CLANG_WARN_ENUM_CONVERSION = YES;
				CLANG_WARN_INFINITE_RECURSION = YES;
				CLANG_WARN_INT_CONVERSION = YES;
				CLANG_WARN_NON_LITERAL_NULL_CONVERSION = YES;
				CLANG_WARN_OBJC_IMPLICIT_RETAIN_SELF = YES;
				CLANG_WARN_OBJC_LITERAL_CONVERSION = YES;
				CLANG_WARN_OBJC_ROOT_CLASS = YES_ERROR;
				CLANG_WARN_RANGE_LOOP_ANALYSIS = YES;
				CLANG_WARN_STRICT_PROTOTYPES = YES;
				CLANG_WARN_SUSPICIOUS_MOVE = YES;
				CLANG_WARN_UNGUARDED_AVAILABILITY = YES_AGGRESSIVE;
				CLANG_WARN_UNREACHABLE_CODE = YES;
				CLANG_WARN__DUPLICATE_METHOD_MATCH = YES;
				CODE_SIGN_IDENTITY = "iPhone Developer";
				COPY_PHASE_STRIP = NO;
				DEBUG_INFORMATION_FORMAT = dwarf;
				ENABLE_STRICT_OBJC_MSGSEND = YES;
				ENABLE_TESTABILITY = YES;
				GCC_C_LANGUAGE_STANDARD = gnu11;
				GCC_DYNAMIC_NO_PIC = NO;
				GCC_NO_COMMON_BLOCKS = YES;
				GCC_OPTIMIZATION_LEVEL = 0;
				GCC_PREPROCESSOR_DEFINITIONS = (
					"DEBUG=1",
					"$(inherited)",
				);
				GCC_WARN_64_TO_32_BIT_CONVERSION = YES;
				GCC_WARN_ABOUT_RETURN_TYPE = YES_ERROR;
				GCC_WARN_UNDECLARED_SELECTOR = YES;
				GCC_WARN_UNINITIALIZED_AUTOS = YES_AGGRESSIVE;
				GCC_WARN_UNUSED_FUNCTION = YES;
				GCC_WARN_UNUSED_VARIABLE = YES;
				IPHONEOS_DEPLOYMENT_TARGET = 12.0;
				MTL_ENABLE_DEBUG_INFO = INCLUDE_SOURCE;
				MTL_FAST_MATH = YES;
				ONLY_ACTIVE_ARCH = YES;
				SDKROOT = iphoneos;
				SWIFT_ACTIVE_COMPILATION_CONDITIONS = DEBUG;
				SWIFT_OPTIMIZATION_LEVEL = "-Onone";
			};
			name = Debug;
		};
		7813EA1F216F47AB00F31B2A /* Release */ = {
			isa = XCBuildConfiguration;
			buildSettings = {
				ALWAYS_SEARCH_USER_PATHS = NO;
				CLANG_ANALYZER_NONNULL = YES;
				CLANG_ANALYZER_NUMBER_OBJECT_CONVERSION = YES_AGGRESSIVE;
				CLANG_CXX_LANGUAGE_STANDARD = "gnu++14";
				CLANG_CXX_LIBRARY = "libc++";
				CLANG_ENABLE_MODULES = YES;
				CLANG_ENABLE_OBJC_ARC = YES;
				CLANG_ENABLE_OBJC_WEAK = YES;
				CLANG_WARN_BLOCK_CAPTURE_AUTORELEASING = YES;
				CLANG_WARN_BOOL_CONVERSION = YES;
				CLANG_WARN_COMMA = YES;
				CLANG_WARN_CONSTANT_CONVERSION = YES;
				CLANG_WARN_DEPRECATED_OBJC_IMPLEMENTATIONS = YES;
				CLANG_WARN_DIRECT_OBJC_ISA_USAGE = YES_ERROR;
				CLANG_WARN_DOCUMENTATION_COMMENTS = YES;
				CLANG_WARN_EMPTY_BODY = YES;
				CLANG_WARN_ENUM_CONVERSION = YES;
				CLANG_WARN_INFINITE_RECURSION = YES;
				CLANG_WARN_INT_CONVERSION = YES;
				CLANG_WARN_NON_LITERAL_NULL_CONVERSION = YES;
				CLANG_WARN_OBJC_IMPLICIT_RETAIN_SELF = YES;
				CLANG_WARN_OBJC_LITERAL_CONVERSION = YES;
				CLANG_WARN_OBJC_ROOT_CLASS = YES_ERROR;
				CLANG_WARN_RANGE_LOOP_ANALYSIS = YES;
				CLANG_WARN_STRICT_PROTOTYPES = YES;
				CLANG_WARN_SUSPICIOUS_MOVE = YES;
				CLANG_WARN_UNGUARDED_AVAILABILITY = YES_AGGRESSIVE;
				CLANG_WARN_UNREACHABLE_CODE = YES;
				CLANG_WARN__DUPLICATE_METHOD_MATCH = YES;
				CODE_SIGN_IDENTITY = "iPhone Developer";
				COPY_PHASE_STRIP = NO;
				DEBUG_INFORMATION_FORMAT = "dwarf-with-dsym";
				ENABLE_NS_ASSERTIONS = NO;
				ENABLE_STRICT_OBJC_MSGSEND = YES;
				GCC_C_LANGUAGE_STANDARD = gnu11;
				GCC_NO_COMMON_BLOCKS = YES;
				GCC_WARN_64_TO_32_BIT_CONVERSION = YES;
				GCC_WARN_ABOUT_RETURN_TYPE = YES_ERROR;
				GCC_WARN_UNDECLARED_SELECTOR = YES;
				GCC_WARN_UNINITIALIZED_AUTOS = YES_AGGRESSIVE;
				GCC_WARN_UNUSED_FUNCTION = YES;
				GCC_WARN_UNUSED_VARIABLE = YES;
				IPHONEOS_DEPLOYMENT_TARGET = 12.0;
				MTL_ENABLE_DEBUG_INFO = NO;
				MTL_FAST_MATH = YES;
				SDKROOT = iphoneos;
				SWIFT_COMPILATION_MODE = wholemodule;
				SWIFT_OPTIMIZATION_LEVEL = "-O";
				VALIDATE_PRODUCT = YES;
			};
			name = Release;
		};
		7813EA21216F47AB00F31B2A /* Debug */ = {
			isa = XCBuildConfiguration;
			baseConfigurationReference = BA4452BF7D867D3B66BC2225 /* Pods-SlideBarMenu.debug.xcconfig */;
			buildSettings = {
				ASSETCATALOG_COMPILER_APPICON_NAME = AppIcon;
				CODE_SIGN_STYLE = Automatic;
				DEVELOPMENT_TEAM = 83SD72X346;
				INFOPLIST_FILE = SlideBarMenu/Info.plist;
				LD_RUNPATH_SEARCH_PATHS = (
					"$(inherited)",
					"@executable_path/Frameworks",
				);
				PRODUCT_BUNDLE_IDENTIFIER = com.lphant.SlideBarMenu;
				PRODUCT_NAME = "$(TARGET_NAME)";
				SWIFT_VERSION = 4.2;
				TARGETED_DEVICE_FAMILY = "1,2";
			};
			name = Debug;
		};
		7813EA22216F47AB00F31B2A /* Release */ = {
			isa = XCBuildConfiguration;
			baseConfigurationReference = BAC6C3AB6BCDCDA0CE9E23D1 /* Pods-SlideBarMenu.release.xcconfig */;
			buildSettings = {
				ASSETCATALOG_COMPILER_APPICON_NAME = AppIcon;
				CODE_SIGN_STYLE = Automatic;
				DEVELOPMENT_TEAM = 83SD72X346;
				INFOPLIST_FILE = SlideBarMenu/Info.plist;
				LD_RUNPATH_SEARCH_PATHS = (
					"$(inherited)",
					"@executable_path/Frameworks",
				);
				PRODUCT_BUNDLE_IDENTIFIER = com.lphant.SlideBarMenu;
				PRODUCT_NAME = "$(TARGET_NAME)";
				SWIFT_VERSION = 4.2;
				TARGETED_DEVICE_FAMILY = "1,2";
			};
			name = Release;
		};
/* End XCBuildConfiguration section */

/* Begin XCConfigurationList section */
		7813EA09216F47A800F31B2A /* Build configuration list for PBXProject "SlideBarMenu" */ = {
			isa = XCConfigurationList;
			buildConfigurations = (
				7813EA1E216F47AB00F31B2A /* Debug */,
				7813EA1F216F47AB00F31B2A /* Release */,
			);
			defaultConfigurationIsVisible = 0;
			defaultConfigurationName = Release;
		};
		7813EA20216F47AB00F31B2A /* Build configuration list for PBXNativeTarget "SlideBarMenu" */ = {
			isa = XCConfigurationList;
			buildConfigurations = (
				7813EA21216F47AB00F31B2A /* Debug */,
				7813EA22216F47AB00F31B2A /* Release */,
			);
			defaultConfigurationIsVisible = 0;
			defaultConfigurationName = Release;
		};
/* End XCConfigurationList section */
	};
	rootObject = 7813EA06216F47A800F31B2A /* Project object */;
}
